
Microsoft Visual Studio Solution File, Format Version 12.00
# Visual Studio Version 17
VisualStudioVersion = 17.1.32421.90
MinimumVisualStudioVersion = 10.0.40219.1
Project("{FAE04EC0-301F-11D3-BF4B-00C04F79EFBC}") = "WpfApp2", "WpfApp2\WpfApp2.csproj", "{BA39EB57-C426-4F15-BC9E-793EF4E912AE}"
EndProject
Global
	GlobalSection(SolutionConfigurationPlatforms) = preSolution
		Debug|Any CPU = Debug|Any CPU
		Release|Any CPU = Release|Any CPU
	EndGlobalSection
	GlobalSection(ProjectConfigurationPlatforms) = postSolution
		{BA39EB57-C426-4F15-BC9E-793EF4E912AE}.Debug|Any CPU.ActiveCfg = Debug|Any CPU
		{BA39EB57-C426-4F15-BC9E-793EF4E912AE}.Debug|Any CPU.Build.0 = Debug|Any CPU
		{BA39EB57-C426-4F15-BC9E-793EF4E912AE}.Release|Any CPU.ActiveCfg = Release|Any CPU
		{BA39EB57-C426-4F15-BC9E-793EF4E912AE}.Release|Any CPU.Build.0 = Release|Any CPU
	EndGlobalSection
	GlobalSection(SolutionProperties) = preSolution
		HideSolutionNode = FALSE
	EndGlobalSection
	GlobalSection(ExtensibilityGlobals) = postSolution
		SolutionGuid = {8B048F60-B5D3-403C-80B4-40612F8FAA2E}
	EndGlobalSection
EndGlobal
